// !$*UTF8*$!
{
	archiveVersion = 1;
	classes = {
	};
	objectVersion = 50;
	objects = {

/* Begin PBXBuildFile section */
		18F03B6D22D7FAE70073B581 /* AppDelegate.swift in Sources */ = {isa = PBXBuildFile; fileRef = 18F03B6C22D7FAE70073B581 /* AppDelegate.swift */; };
		18F03B6F22D7FAE70073B581 /* ViewController.swift in Sources */ = {isa = PBXBuildFile; fileRef = 18F03B6E22D7FAE70073B581 /* ViewController.swift */; };
		18F03B7222D7FAE70073B581 /* Main.storyboard in Resources */ = {isa = PBXBuildFile; fileRef = 18F03B7022D7FAE70073B581 /* Main.storyboard */; };
		18F03B7422D7FAE90073B581 /* Assets.xcassets in Resources */ = {isa = PBXBuildFile; fileRef = 18F03B7322D7FAE90073B581 /* Assets.xcassets */; };
		18F03B7722D7FAE90073B581 /* LaunchScreen.storyboard in Resources */ = {isa = PBXBuildFile; fileRef = 18F03B7522D7FAE90073B581 /* LaunchScreen.storyboard */; };
		18F03B8222D7FAE90073B581 /* emojionalTests.swift in Sources */ = {isa = PBXBuildFile; fileRef = 18F03B8122D7FAE90073B581 /* emojionalTests.swift */; };
		18F03B8D22D7FAE90073B581 /* emojionalUITests.swift in Sources */ = {isa = PBXBuildFile; fileRef = 18F03B8C22D7FAE90073B581 /* emojionalUITests.swift */; };
/* End PBXBuildFile section */

/* Begin PBXContainerItemProxy section */
		18F03B7E22D7FAE90073B581 /* PBXContainerItemProxy */ = {
			isa = PBXContainerItemProxy;
			containerPortal = 18F03B6122D7FAE70073B581 /* Project object */;
			proxyType = 1;
			remoteGlobalIDString = 18F03B6822D7FAE70073B581;
			remoteInfo = emojional;
		};
		18F03B8922D7FAE90073B581 /* PBXContainerItemProxy */ = {
			isa = PBXContainerItemProxy;
			containerPortal = 18F03B6122D7FAE70073B581 /* Project object */;
			proxyType = 1;
			remoteGlobalIDString = 18F03B6822D7FAE70073B581;
			remoteInfo = emojional;
		};
/* End PBXContainerItemProxy section */

/* Begin PBXFileReference section */
		18F03B6922D7FAE70073B581 /* emojional.app */ = {isa = PBXFileReference; explicitFileType = wrapper.application; includeInIndex = 0; path = emojional.app; sourceTree = BUILT_PRODUCTS_DIR; };
		18F03B6C22D7FAE70073B581 /* AppDelegate.swift */ = {isa = PBXFileReference; lastKnownFileType = sourcecode.swift; path = AppDelegate.swift; sourceTree = "<group>"; };
		18F03B6E22D7FAE70073B581 /* ViewController.swift */ = {isa = PBXFileReference; lastKnownFileType = sourcecode.swift; path = ViewController.swift; sourceTree = "<group>"; };
		18F03B7122D7FAE70073B581 /* Base */ = {isa = PBXFileReference; lastKnownFileType = file.storyboard; name = Base; path = Base.lproj/Main.storyboard; sourceTree = "<group>"; };
		18F03B7322D7FAE90073B581 /* Assets.xcassets */ = {isa = PBXFileReference; lastKnownFileType = folder.assetcatalog; path = Assets.xcassets; sourceTree = "<group>"; };
		18F03B7622D7FAE90073B581 /* Base */ = {isa = PBXFileReference; lastKnownFileType = file.storyboard; name = Base; path = Base.lproj/LaunchScreen.storyboard; sourceTree = "<group>"; };
		18F03B7822D7FAE90073B581 /* Info.plist */ = {isa = PBXFileReference; lastKnownFileType = text.plist.xml; path = Info.plist; sourceTree = "<group>"; };
		18F03B7D22D7FAE90073B581 /* emojionalTests.xctest */ = {isa = PBXFileReference; explicitFileType = wrapper.cfbundle; includeInIndex = 0; path = emojionalTests.xctest; sourceTree = BUILT_PRODUCTS_DIR; };
		18F03B8122D7FAE90073B581 /* emojionalTests.swift */ = {isa = PBXFileReference; lastKnownFileType = sourcecode.swift; path = emojionalTests.swift; sourceTree = "<group>"; };
		18F03B8322D7FAE90073B581 /* Info.plist */ = {isa = PBXFileReference; lastKnownFileType = text.plist.xml; path = Info.plist; sourceTree = "<group>"; };
		18F03B8822D7FAE90073B581 /* emojionalUITests.xctest */ = {isa = PBXFileReference; explicitFileType = wrapper.cfbundle; includeInIndex = 0; path = emojionalUITests.xctest; sourceTree = BUILT_PRODUCTS_DIR; };
		18F03B8C22D7FAE90073B581 /* emojionalUITests.swift */ = {isa = PBXFileReference; lastKnownFileType = sourcecode.swift; path = emojionalUITests.swift; sourceTree = "<group>"; };
		18F03B8E22D7FAE90073B581 /* Info.plist */ = {isa = PBXFileReference; lastKnownFileType = text.plist.xml; path = Info.plist; sourceTree = "<group>"; };
/* End PBXFileReference section */

/* Begin PBXFrameworksBuildPhase section */
		18F03B6622D7FAE70073B581 /* Frameworks */ = {
			isa = PBXFrameworksBuildPhase;
			buildActionMask = 2147483647;
			files = (
			);
			runOnlyForDeploymentPostprocessing = 0;
		};
		18F03B7A22D7FAE90073B581 /* Frameworks */ = {
			isa = PBXFrameworksBuildPhase;
			buildActionMask = 2147483647;
			files = (
			);
			runOnlyForDeploymentPostprocessing = 0;
		};
		18F03B8522D7FAE90073B581 /* Frameworks */ = {
			isa = PBXFrameworksBuildPhase;
			buildActionMask = 2147483647;
			files = (
			);
			runOnlyForDeploymentPostprocessing = 0;
		};
/* End PBXFrameworksBuildPhase section */

/* Begin PBXGroup section */
		18F03B6022D7FAE70073B581 = {
			isa = PBXGroup;
			children = (
				18F03B6B22D7FAE70073B581 /* emojional */,
				18F03B8022D7FAE90073B581 /* emojionalTests */,
				18F03B8B22D7FAE90073B581 /* emojionalUITests */,
				18F03B6A22D7FAE70073B581 /* Products */,
			);
			sourceTree = "<group>";
		};
		18F03B6A22D7FAE70073B581 /* Products */ = {
			isa = PBXGroup;
			children = (
				18F03B6922D7FAE70073B581 /* emojional.app */,
				18F03B7D22D7FAE90073B581 /* emojionalTests.xctest */,
				18F03B8822D7FAE90073B581 /* emojionalUITests.xctest */,
			);
			name = Products;
			sourceTree = "<group>";
		};
		18F03B6B22D7FAE70073B581 /* emojional */ = {
			isa = PBXGroup;
			children = (
				18F03B6C22D7FAE70073B581 /* AppDelegate.swift */,
				18F03B6E22D7FAE70073B581 /* ViewController.swift */,
				18F03B7022D7FAE70073B581 /* Main.storyboard */,
				18F03B7322D7FAE90073B581 /* Assets.xcassets */,
				18F03B7522D7FAE90073B581 /* LaunchScreen.storyboard */,
				18F03B7822D7FAE90073B581 /* Info.plist */,
			);
			path = emojional;
			sourceTree = "<group>";
		};
		18F03B8022D7FAE90073B581 /* emojionalTests */ = {
			isa = PBXGroup;
			children = (
				18F03B8122D7FAE90073B581 /* emojionalTests.swift */,
				18F03B8322D7FAE90073B581 /* Info.plist */,
			);
			path = emojionalTests;
			sourceTree = "<group>";
		};
		18F03B8B22D7FAE90073B581 /* emojionalUITests */ = {
			isa = PBXGroup;
			children = (
				18F03B8C22D7FAE90073B581 /* emojionalUITests.swift */,
				18F03B8E22D7FAE90073B581 /* Info.plist */,
			);
			path = emojionalUITests;
			sourceTree = "<group>";
		};
/* End PBXGroup section */

/* Begin PBXNativeTarget section */
		18F03B6822D7FAE70073B581 /* emojional */ = {
			isa = PBXNativeTarget;
			buildConfigurationList = 18F03B9122D7FAE90073B581 /* Build configuration list for PBXNativeTarget "emojional" */;
			buildPhases = (
				18F03B6522D7FAE70073B581 /* Sources */,
				18F03B6622D7FAE70073B581 /* Frameworks */,
				18F03B6722D7FAE70073B581 /* Resources */,
			);
			buildRules = (
			);
			dependencies = (
			);
			name = emojional;
			productName = emojional;
			productReference = 18F03B6922D7FAE70073B581 /* emojional.app */;
			productType = "com.apple.product-type.application";
		};
		18F03B7C22D7FAE90073B581 /* emojionalTests */ = {
			isa = PBXNativeTarget;
			buildConfigurationList = 18F03B9422D7FAE90073B581 /* Build configuration list for PBXNativeTarget "emojionalTests" */;
			buildPhases = (
				18F03B7922D7FAE90073B581 /* Sources */,
				18F03B7A22D7FAE90073B581 /* Frameworks */,
				18F03B7B22D7FAE90073B581 /* Resources */,
			);
			buildRules = (
			);
			dependencies = (
				18F03B7F22D7FAE90073B581 /* PBXTargetDependency */,
			);
			name = emojionalTests;
			productName = emojionalTests;
			productReference = 18F03B7D22D7FAE90073B581 /* emojionalTests.xctest */;
			productType = "com.apple.product-type.bundle.unit-test";
		};
		18F03B8722D7FAE90073B581 /* emojionalUITests */ = {
			isa = PBXNativeTarget;
			buildConfigurationList = 18F03B9722D7FAE90073B581 /* Build configuration list for PBXNativeTarget "emojionalUITests" */;
			buildPhases = (
				18F03B8422D7FAE90073B581 /* Sources */,
				18F03B8522D7FAE90073B581 /* Frameworks */,
				18F03B8622D7FAE90073B581 /* Resources */,
			);
			buildRules = (
			);
			dependencies = (
				18F03B8A22D7FAE90073B581 /* PBXTargetDependency */,
			);
			name = emojionalUITests;
			productName = emojionalUITests;
			productReference = 18F03B8822D7FAE90073B581 /* emojionalUITests.xctest */;
			productType = "com.apple.product-type.bundle.ui-testing";
		};
/* End PBXNativeTarget section */

/* Begin PBXProject section */
		18F03B6122D7FAE70073B581 /* Project object */ = {
			isa = PBXProject;
			attributes = {
				LastSwiftUpdateCheck = 1020;
				LastUpgradeCheck = 1020;
				ORGANIZATIONNAME = Apple;
				TargetAttributes = {
					18F03B6822D7FAE70073B581 = {
						CreatedOnToolsVersion = 10.2.1;
					};
					18F03B7C22D7FAE90073B581 = {
						CreatedOnToolsVersion = 10.2.1;
						TestTargetID = 18F03B6822D7FAE70073B581;
					};
					18F03B8722D7FAE90073B581 = {
						CreatedOnToolsVersion = 10.2.1;
						TestTargetID = 18F03B6822D7FAE70073B581;
					};
				};
			};
			buildConfigurationList = 18F03B6422D7FAE70073B581 /* Build configuration list for PBXProject "emojional" */;
			compatibilityVersion = "Xcode 9.3";
			developmentRegion = en;
			hasScannedForEncodings = 0;
			knownRegions = (
				en,
				Base,
			);
			mainGroup = 18F03B6022D7FAE70073B581;
			productRefGroup = 18F03B6A22D7FAE70073B581 /* Products */;
			projectDirPath = "";
			projectRoot = "";
			targets = (
				18F03B6822D7FAE70073B581 /* emojional */,
				18F03B7C22D7FAE90073B581 /* emojionalTests */,
				18F03B8722D7FAE90073B581 /* emojionalUITests */,
			);
		};
/* End PBXProject section */

/* Begin PBXResourcesBuildPhase section */
		18F03B6722D7FAE70073B581 /* Resources */ = {
			isa = PBXResourcesBuildPhase;
			buildActionMask = 2147483647;
			files = (
				18F03B7722D7FAE90073B581 /* LaunchScreen.storyboard in Resources */,
				18F03B7422D7FAE90073B581 /* Assets.xcassets in Resources */,
				18F03B7222D7FAE70073B581 /* Main.storyboard in Resources */,
			);
			runOnlyForDeploymentPostprocessing = 0;
		};
		18F03B7B22D7FAE90073B581 /* Resources */ = {
			isa = PBXResourcesBuildPhase;
			buildActionMask = 2147483647;
			files = (
			);
			runOnlyForDeploymentPostprocessing = 0;
		};
		18F03B8622D7FAE90073B581 /* Resources */ = {
			isa = PBXResourcesBuildPhase;
			buildActionMask = 2147483647;
			files = (
			);
			runOnlyForDeploymentPostprocessing = 0;
		};
/* End PBXResourcesBuildPhase section */

/* Begin PBXSourcesBuildPhase section */
		18F03B6522D7FAE70073B581 /* Sources */ = {
			isa = PBXSourcesBuildPhase;
			buildActionMask = 2147483647;
			files = (
				18F03B6F22D7FAE70073B581 /* ViewController.swift in Sources */,
				18F03B6D22D7FAE70073B581 /* AppDelegate.swift in Sources */,
			);
			runOnlyForDeploymentPostprocessing = 0;
		};
		18F03B7922D7FAE90073B581 /* Sources */ = {
			isa = PBXSourcesBuildPhase;
			buildActionMask = 2147483647;
			files = (
				18F03B8222D7FAE90073B581 /* emojionalTests.swift in Sources */,
			);
			runOnlyForDeploymentPostprocessing = 0;
		};
		18F03B8422D7FAE90073B581 /* Sources */ = {
			isa = PBXSourcesBuildPhase;
			buildActionMask = 2147483647;
			files = (
				18F03B8D22D7FAE90073B581 /* emojionalUITests.swift in Sources */,
			);
			runOnlyForDeploymentPostprocessing = 0;
		};
/* End PBXSourcesBuildPhase section */

/* Begin PBXTargetDependency section */
		18F03B7F22D7FAE90073B581 /* PBXTargetDependency */ = {
			isa = PBXTargetDependency;
			target = 18F03B6822D7FAE70073B581 /* emojional */;
			targetProxy = 18F03B7E22D7FAE90073B581 /* PBXContainerItemProxy */;
		};
		18F03B8A22D7FAE90073B581 /* PBXTargetDependency */ = {
			isa = PBXTargetDependency;
			target = 18F03B6822D7FAE70073B581 /* emojional */;
			targetProxy = 18F03B8922D7FAE90073B581 /* PBXContainerItemProxy */;
		};
/* End PBXTargetDependency section */

/* Begin PBXVariantGroup section */
		18F03B7022D7FAE70073B581 /* Main.storyboard */ = {
			isa = PBXVariantGroup;
			children = (
				18F03B7122D7FAE70073B581 /* Base */,
			);
			name = Main.storyboard;
			sourceTree = "<group>";
		};
		18F03B7522D7FAE90073B581 /* LaunchScreen.storyboard */ = {
			isa = PBXVariantGroup;
			children = (
				18F03B7622D7FAE90073B581 /* Base */,
			);
			name = LaunchScreen.storyboard;
			sourceTree = "<group>";
		};
/* End PBXVariantGroup section */

/* Begin XCBuildConfiguration section */
		18F03B8F22D7FAE90073B581 /* Debug */ = {
			isa = XCBuildConfiguration;
			buildSettings = {
				ALWAYS_SEARCH_USER_PATHS = NO;
				CLANG_ANALYZER_NONNULL = YES;
				CLANG_ANALYZER_NUMBER_OBJECT_CONVERSION = YES_AGGRESSIVE;
				CLANG_CXX_LANGUAGE_STANDARD = "gnu++14";
				CLANG_CXX_LIBRARY = "libc++";
				CLANG_ENABLE_MODULES = YES;
				CLANG_ENABLE_OBJC_ARC = YES;
				CLANG_ENABLE_OBJC_WEAK = YES;
				CLANG_WARN_BLOCK_CAPTURE_AUTORELEASING = YES;
				CLANG_WARN_BOOL_CONVERSION = YES;
				CLANG_WARN_COMMA = YES;
				CLANG_WARN_CONSTANT_CONVERSION = YES;
				CLANG_WARN_DEPRECATED_OBJC_IMPLEMENTATIONS = YES;
				CLANG_WARN_DIRECT_OBJC_ISA_USAGE = YES_ERROR;
				CLANG_WARN_DOCUMENTATION_COMMENTS = YES;
				CLANG_WARN_EMPTY_BODY = YES;
				CLANG_WARN_ENUM_CONVERSION = YES;
				CLANG_WARN_INFINITE_RECURSION = YES;
				CLANG_WARN_INT_CONVERSION = YES;
				CLANG_WARN_NON_LITERAL_NULL_CONVERSION = YES;
				CLANG_WARN_OBJC_IMPLICIT_RETAIN_SELF = YES;
				CLANG_WARN_OBJC_LITERAL_CONVERSION = YES;
				CLANG_WARN_OBJC_ROOT_CLASS = YES_ERROR;
				CLANG_WARN_RANGE_LOOP_ANALYSIS = YES;
				CLANG_WARN_STRICT_PROTOTYPES = YES;
				CLANG_WARN_SUSPICIOUS_MOVE = YES;
				CLANG_WARN_UNGUARDED_AVAILABILITY = YES_AGGRESSIVE;
				CLANG_WARN_UNREACHABLE_CODE = YES;
				CLANG_WARN__DUPLICATE_METHOD_MATCH = YES;
				CODE_SIGN_IDENTITY = "iPhone Developer";
				COPY_PHASE_STRIP = NO;
				DEBUG_INFORMATION_FORMAT = dwarf;
				ENABLE_STRICT_OBJC_MSGSEND = YES;
				ENABLE_TESTABILITY = YES;
				GCC_C_LANGUAGE_STANDARD = gnu11;
				GCC_DYNAMIC_NO_PIC = NO;
				GCC_NO_COMMON_BLOCKS = YES;
				GCC_OPTIMIZATION_LEVEL = 0;
				GCC_PREPROCESSOR_DEFINITIONS = (
					"DEBUG=1",
					"$(inherited)",
				);
				GCC_WARN_64_TO_32_BIT_CONVERSION = YES;
				GCC_WARN_ABOUT_RETURN_TYPE = YES_ERROR;
				GCC_WARN_UNDECLARED_SELECTOR = YES;
				GCC_WARN_UNINITIALIZED_AUTOS = YES_AGGRESSIVE;
				GCC_WARN_UNUSED_FUNCTION = YES;
				GCC_WARN_UNUSED_VARIABLE = YES;
				IPHONEOS_DEPLOYMENT_TARGET = 12.2;
				MTL_ENABLE_DEBUG_INFO = INCLUDE_SOURCE;
				MTL_FAST_MATH = YES;
				ONLY_ACTIVE_ARCH = YES;
				SDKROOT = iphoneos;
				SWIFT_ACTIVE_COMPILATION_CONDITIONS = DEBUG;
				SWIFT_OPTIMIZATION_LEVEL = "-Onone";
			};
			name = Debug;
		};
		18F03B9022D7FAE90073B581 /* Release */ = {
			isa = XCBuildConfiguration;
			buildSettings = {
				ALWAYS_SEARCH_USER_PATHS = NO;
				CLANG_ANALYZER_NONNULL = YES;
				CLANG_ANALYZER_NUMBER_OBJECT_CONVERSION = YES_AGGRESSIVE;
				CLANG_CXX_LANGUAGE_STANDARD = "gnu++14";
				CLANG_CXX_LIBRARY = "libc++";
				CLANG_ENABLE_MODULES = YES;
				CLANG_ENABLE_OBJC_ARC = YES;
				CLANG_ENABLE_OBJC_WEAK = YES;
				CLANG_WARN_BLOCK_CAPTURE_AUTORELEASING = YES;
				CLANG_WARN_BOOL_CONVERSION = YES;
				CLANG_WARN_COMMA = YES;
				CLANG_WARN_CONSTANT_CONVERSION = YES;
				CLANG_WARN_DEPRECATED_OBJC_IMPLEMENTATIONS = YES;
				CLANG_WARN_DIRECT_OBJC_ISA_USAGE = YES_ERROR;
				CLANG_WARN_DOCUMENTATION_COMMENTS = YES;
				CLANG_WARN_EMPTY_BODY = YES;
				CLANG_WARN_ENUM_CONVERSION = YES;
				CLANG_WARN_INFINITE_RECURSION = YES;
				CLANG_WARN_INT_CONVERSION = YES;
				CLANG_WARN_NON_LITERAL_NULL_CONVERSION = YES;
				CLANG_WARN_OBJC_IMPLICIT_RETAIN_SELF = YES;
				CLANG_WARN_OBJC_LITERAL_CONVERSION = YES;
				CLANG_WARN_OBJC_ROOT_CLASS = YES_ERROR;
				CLANG_WARN_RANGE_LOOP_ANALYSIS = YES;
				CLANG_WARN_STRICT_PROTOTYPES = YES;
				CLANG_WARN_SUSPICIOUS_MOVE = YES;
				CLANG_WARN_UNGUARDED_AVAILABILITY = YES_AGGRESSIVE;
				CLANG_WARN_UNREACHABLE_CODE = YES;
				CLANG_WARN__DUPLICATE_METHOD_MATCH = YES;
				CODE_SIGN_IDENTITY = "iPhone Developer";
				COPY_PHASE_STRIP = NO;
				DEBUG_INFORMATION_FORMAT = "dwarf-with-dsym";
				ENABLE_NS_ASSERTIONS = NO;
				ENABLE_STRICT_OBJC_MSGSEND = YES;
				GCC_C_LANGUAGE_STANDARD = gnu11;
				GCC_NO_COMMON_BLOCKS = YES;
				GCC_WARN_64_TO_32_BIT_CONVERSION = YES;
				GCC_WARN_ABOUT_RETURN_TYPE = YES_ERROR;
				GCC_WARN_UNDECLARED_SELECTOR = YES;
				GCC_WARN_UNINITIALIZED_AUTOS = YES_AGGRESSIVE;
				GCC_WARN_UNUSED_FUNCTION = YES;
				GCC_WARN_UNUSED_VARIABLE = YES;
				IPHONEOS_DEPLOYMENT_TARGET = 12.2;
				MTL_ENABLE_DEBUG_INFO = NO;
				MTL_FAST_MATH = YES;
				SDKROOT = iphoneos;
				SWIFT_COMPILATION_MODE = wholemodule;
				SWIFT_OPTIMIZATION_LEVEL = "-O";
				VALIDATE_PRODUCT = YES;
			};
			name = Release;
		};
		18F03B9222D7FAE90073B581 /* Debug */ = {
			isa = XCBuildConfiguration;
			buildSettings = {
				ASSETCATALOG_COMPILER_APPICON_NAME = AppIcon;
				CODE_SIGN_STYLE = Automatic;
				INFOPLIST_FILE = emojional/Info.plist;
				LD_RUNPATH_SEARCH_PATHS = (
					"$(inherited)",
					"@executable_path/Frameworks",
				);
				PRODUCT_BUNDLE_IDENTIFIER = Hunter.emojional;
				PRODUCT_NAME = "$(TARGET_NAME)";
				SWIFT_VERSION = 5.0;
				TARGETED_DEVICE_FAMILY = "1,2";
			};
			name = Debug;
		};
		18F03B9322D7FAE90073B581 /* Release */ = {
			isa = XCBuildConfiguration;
			buildSettings = {
				ASSETCATALOG_COMPILER_APPICON_NAME = AppIcon;
				CODE_SIGN_STYLE = Automatic;
				INFOPLIST_FILE = emojional/Info.plist;
				LD_RUNPATH_SEARCH_PATHS = (
					"$(inherited)",
					"@executable_path/Frameworks",
				);
				PRODUCT_BUNDLE_IDENTIFIER = Hunter.emojional;
				PRODUCT_NAME = "$(TARGET_NAME)";
				SWIFT_VERSION = 5.0;
				TARGETED_DEVICE_FAMILY = "1,2";
			};
			name = Release;
		};
		18F03B9522D7FAE90073B581 /* Debug */ = {
			isa = XCBuildConfiguration;
			buildSettings = {
				ALWAYS_EMBED_SWIFT_STANDARD_LIBRARIES = YES;
				BUNDLE_LOADER = "$(TEST_HOST)";
				CODE_SIGN_STYLE = Automatic;
				INFOPLIST_FILE = emojionalTests/Info.plist;
				LD_RUNPATH_SEARCH_PATHS = (
					"$(inherited)",
					"@executable_path/Frameworks",
					"@loader_path/Frameworks",
				);
				PRODUCT_BUNDLE_IDENTIFIER = Hunter.emojionalTests;
				PRODUCT_NAME = "$(TARGET_NAME)";
				SWIFT_VERSION = 5.0;
				TARGETED_DEVICE_FAMILY = "1,2";
				TEST_HOST = "$(BUILT_PRODUCTS_DIR)/emojional.app/emojional";
			};
			name = Debug;
		};
		18F03B9622D7FAE90073B581 /* Release */ = {
			isa = XCBuildConfiguration;
			buildSettings = {
				ALWAYS_EMBED_SWIFT_STANDARD_LIBRARIES = YES;
				BUNDLE_LOADER = "$(TEST_HOST)";
				CODE_SIGN_STYLE = Automatic;
				INFOPLIST_FILE = emojionalTests/Info.plist;
				LD_RUNPATH_SEARCH_PATHS = (
					"$(inherited)",
					"@executable_path/Frameworks",
					"@loader_path/Frameworks",
				);
				PRODUCT_BUNDLE_IDENTIFIER = Hunter.emojionalTests;
				PRODUCT_NAME = "$(TARGET_NAME)";
				SWIFT_VERSION = 5.0;
				TARGETED_DEVICE_FAMILY = "1,2";
				TEST_HOST = "$(BUILT_PRODUCTS_DIR)/emojional.app/emojional";
			};
			name = Release;
		};
		18F03B9822D7FAE90073B581 /* Debug */ = {
			isa = XCBuildConfiguration;
			buildSettings = {
				ALWAYS_EMBED_SWIFT_STANDARD_LIBRARIES = YES;
				CODE_SIGN_STYLE = Automatic;
				INFOPLIST_FILE = emojionalUITests/Info.plist;
				LD_RUNPATH_SEARCH_PATHS = (
					"$(inherited)",
					"@executable_path/Frameworks",
					"@loader_path/Frameworks",
				);
				PRODUCT_BUNDLE_IDENTIFIER = Hunter.emojionalUITests;
				PRODUCT_NAME = "$(TARGET_NAME)";
				SWIFT_VERSION = 5.0;
				TARGETED_DEVICE_FAMILY = "1,2";
				TEST_TARGET_NAME = emojional;
			};
			name = Debug;
		};
		18F03B9922D7FAE90073B581 /* Release */ = {
			isa = XCBuildConfiguration;
			buildSettings = {
				ALWAYS_EMBED_SWIFT_STANDARD_LIBRARIES = YES;
				CODE_SIGN_STYLE = Automatic;
				INFOPLIST_FILE = emojionalUITests/Info.plist;
				LD_RUNPATH_SEARCH_PATHS = (
					"$(inherited)",
					"@executable_path/Frameworks",
					"@loader_path/Frameworks",
				);
				PRODUCT_BUNDLE_IDENTIFIER = Hunter.emojionalUITests;
				PRODUCT_NAME = "$(TARGET_NAME)";
				SWIFT_VERSION = 5.0;
				TARGETED_DEVICE_FAMILY = "1,2";
				TEST_TARGET_NAME = emojional;
			};
			name = Release;
		};
/* End XCBuildConfiguration section */

/* Begin XCConfigurationList section */
		18F03B6422D7FAE70073B581 /* Build configuration list for PBXProject "emojional" */ = {
			isa = XCConfigurationList;
			buildConfigurations = (
				18F03B8F22D7FAE90073B581 /* Debug */,
				18F03B9022D7FAE90073B581 /* Release */,
			);
			defaultConfigurationIsVisible = 0;
			defaultConfigurationName = Release;
		};
		18F03B9122D7FAE90073B581 /* Build configuration list for PBXNativeTarget "emojional" */ = {
			isa = XCConfigurationList;
			buildConfigurations = (
				18F03B9222D7FAE90073B581 /* Debug */,
				18F03B9322D7FAE90073B581 /* Release */,
			);
			defaultConfigurationIsVisible = 0;
			defaultConfigurationName = Release;
		};
		18F03B9422D7FAE90073B581 /* Build configuration list for PBXNativeTarget "emojionalTests" */ = {
			isa = XCConfigurationList;
			buildConfigurations = (
				18F03B9522D7FAE90073B581 /* Debug */,
				18F03B9622D7FAE90073B581 /* Release */,
			);
			defaultConfigurationIsVisible = 0;
			defaultConfigurationName = Release;
		};
		18F03B9722D7FAE90073B581 /* Build configuration list for PBXNativeTarget "emojionalUITests" */ = {
			isa = XCConfigurationList;
			buildConfigurations = (
				18F03B9822D7FAE90073B581 /* Debug */,
				18F03B9922D7FAE90073B581 /* Release */,
			);
			defaultConfigurationIsVisible = 0;
			defaultConfigurationName = Release;
		};
/* End XCConfigurationList section */
	};
	rootObject = 18F03B6122D7FAE70073B581 /* Project object */;
}
